// !$*UTF8*$!
{
	archiveVersion = 1;
	classes = {
	};
	objectVersion = 56;
	objects = {

/* Begin PBXBuildFile section */
		2D08C28A2946709A00060AA8 /* CardView.swift in Sources */ = {isa = PBXBuildFile; fileRef = 2D08C2892946709A00060AA8 /* CardView.swift */; };
		2D0B15B62930A8930028C04C /* MemoryGameApp.swift in Sources */ = {isa = PBXBuildFile; fileRef = 2D0B15B52930A8930028C04C /* MemoryGameApp.swift */; };
		2D0B15B82930A8930028C04C /* EmojisMemoryGameView.swift in Sources */ = {isa = PBXBuildFile; fileRef = 2D0B15B72930A8930028C04C /* EmojisMemoryGameView.swift */; };
		2D0B15BA2930A8940028C04C /* Assets.xcassets in Resources */ = {isa = PBXBuildFile; fileRef = 2D0B15B92930A8940028C04C /* Assets.xcassets */; };
		2D0B15BD2930A8940028C04C /* Preview Assets.xcassets in Resources */ = {isa = PBXBuildFile; fileRef = 2D0B15BC2930A8940028C04C /* Preview Assets.xcassets */; };
		2D11DDEB2945422A00437C87 /* GalleryView.swift in Sources */ = {isa = PBXBuildFile; fileRef = 2D11DDEA2945422A00437C87 /* GalleryView.swift */; };
		2D11DDF92945B12700437C87 /* ContentView.swift in Sources */ = {isa = PBXBuildFile; fileRef = 2D11DDF82945B12700437C87 /* ContentView.swift */; };
		2D1B190A2950497A0089EE8E /* PhotosPickerViewModel.swift in Sources */ = {isa = PBXBuildFile; fileRef = 2D1B19092950497A0089EE8E /* PhotosPickerViewModel.swift */; };
		2D1B190C295049AC0089EE8E /* GalleryPhotoModel.swift in Sources */ = {isa = PBXBuildFile; fileRef = 2D1B190B295049AC0089EE8E /* GalleryPhotoModel.swift */; };
		2D4671CA293EA28B00C7665B /* Grid.swift in Sources */ = {isa = PBXBuildFile; fileRef = 2D4671C7293EA28B00C7665B /* Grid.swift */; };
		2D4671CB293EA28B00C7665B /* GridLayout.swift in Sources */ = {isa = PBXBuildFile; fileRef = 2D4671C8293EA28B00C7665B /* GridLayout.swift */; };
		2D4671D2293F482900C7665B /* CollectionExtension.swift in Sources */ = {isa = PBXBuildFile; fileRef = 2D4671D1293F482900C7665B /* CollectionExtension.swift */; };
		2DA8310D2939DAEC0090E566 /* Card.swift in Sources */ = {isa = PBXBuildFile; fileRef = 2DA8310C2939DAEC0090E566 /* Card.swift */; };
		2DA831112939DB430090E566 /* MemoryGame.swift in Sources */ = {isa = PBXBuildFile; fileRef = 2DA831102939DB430090E566 /* MemoryGame.swift */; };
		2DDB02C329387C0000E2C539 /* EmojisMemoryGameViewModel.swift in Sources */ = {isa = PBXBuildFile; fileRef = 2DDB02C229387C0000E2C539 /* EmojisMemoryGameViewModel.swift */; };
/* End PBXBuildFile section */

/* Begin PBXFileReference section */
		2D08C2892946709A00060AA8 /* CardView.swift */ = {isa = PBXFileReference; lastKnownFileType = sourcecode.swift; path = CardView.swift; sourceTree = "<group>"; };
		2D0B15B22930A8930028C04C /* MemoryGame.app */ = {isa = PBXFileReference; explicitFileType = wrapper.application; includeInIndex = 0; path = MemoryGame.app; sourceTree = BUILT_PRODUCTS_DIR; };
		2D0B15B52930A8930028C04C /* MemoryGameApp.swift */ = {isa = PBXFileReference; lastKnownFileType = sourcecode.swift; path = MemoryGameApp.swift; sourceTree = "<group>"; };
		2D0B15B72930A8930028C04C /* EmojisMemoryGameView.swift */ = {isa = PBXFileReference; lastKnownFileType = sourcecode.swift; path = EmojisMemoryGameView.swift; sourceTree = "<group>"; };
		2D0B15B92930A8940028C04C /* Assets.xcassets */ = {isa = PBXFileReference; lastKnownFileType = folder.assetcatalog; path = Assets.xcassets; sourceTree = "<group>"; };
		2D0B15BC2930A8940028C04C /* Preview Assets.xcassets */ = {isa = PBXFileReference; lastKnownFileType = folder.assetcatalog; path = "Preview Assets.xcassets"; sourceTree = "<group>"; };
		2D11DDEA2945422A00437C87 /* GalleryView.swift */ = {isa = PBXFileReference; lastKnownFileType = sourcecode.swift; path = GalleryView.swift; sourceTree = "<group>"; };
		2D11DDF82945B12700437C87 /* ContentView.swift */ = {isa = PBXFileReference; lastKnownFileType = sourcecode.swift; path = ContentView.swift; sourceTree = "<group>"; };
		2D1B19092950497A0089EE8E /* PhotosPickerViewModel.swift */ = {isa = PBXFileReference; lastKnownFileType = sourcecode.swift; path = PhotosPickerViewModel.swift; sourceTree = "<group>"; };
		2D1B190B295049AC0089EE8E /* GalleryPhotoModel.swift */ = {isa = PBXFileReference; lastKnownFileType = sourcecode.swift; path = GalleryPhotoModel.swift; sourceTree = "<group>"; };
		2D4671C7293EA28B00C7665B /* Grid.swift */ = {isa = PBXFileReference; fileEncoding = 4; lastKnownFileType = sourcecode.swift; path = Grid.swift; sourceTree = "<group>"; };
		2D4671C8293EA28B00C7665B /* GridLayout.swift */ = {isa = PBXFileReference; fileEncoding = 4; lastKnownFileType = sourcecode.swift; path = GridLayout.swift; sourceTree = "<group>"; };
		2D4671D1293F482900C7665B /* CollectionExtension.swift */ = {isa = PBXFileReference; lastKnownFileType = sourcecode.swift; path = CollectionExtension.swift; sourceTree = "<group>"; };
		2DA8310C2939DAEC0090E566 /* Card.swift */ = {isa = PBXFileReference; lastKnownFileType = sourcecode.swift; path = Card.swift; sourceTree = "<group>"; };
		2DA831102939DB430090E566 /* MemoryGame.swift */ = {isa = PBXFileReference; lastKnownFileType = sourcecode.swift; path = MemoryGame.swift; sourceTree = "<group>"; };
		2DDB02C229387C0000E2C539 /* EmojisMemoryGameViewModel.swift */ = {isa = PBXFileReference; lastKnownFileType = sourcecode.swift; path = EmojisMemoryGameViewModel.swift; sourceTree = "<group>"; };
/* End PBXFileReference section */

/* Begin PBXFrameworksBuildPhase section */
		2D0B15AF2930A8930028C04C /* Frameworks */ = {
			isa = PBXFrameworksBuildPhase;
			buildActionMask = 2147483647;
			files = (
			);
			runOnlyForDeploymentPostprocessing = 0;
		};
/* End PBXFrameworksBuildPhase section */

/* Begin PBXGroup section */
		2D0B15A92930A8930028C04C = {
			isa = PBXGroup;
			children = (
				2D0B15B42930A8930028C04C /* MemoryGame */,
				2D0B15B32930A8930028C04C /* Products */,
			);
			sourceTree = "<group>";
		};
		2D0B15B32930A8930028C04C /* Products */ = {
			isa = PBXGroup;
			children = (
				2D0B15B22930A8930028C04C /* MemoryGame.app */,
			);
			name = Products;
			sourceTree = "<group>";
		};
		2D0B15B42930A8930028C04C /* MemoryGame */ = {
			isa = PBXGroup;
			children = (
				2D0B15B52930A8930028C04C /* MemoryGameApp.swift */,
				2D11DDF82945B12700437C87 /* ContentView.swift */,
				2D1B19092950497A0089EE8E /* PhotosPickerViewModel.swift */,
				2D1B190B295049AC0089EE8E /* GalleryPhotoModel.swift */,
				2D11DDEA2945422A00437C87 /* GalleryView.swift */,
				2D4671C7293EA28B00C7665B /* Grid.swift */,
				2D4671C8293EA28B00C7665B /* GridLayout.swift */,
				2D3C6EEA2941AC3300044BFD /* Extensions */,
				2DA8310F2939DB300090E566 /* MemoryGame */,
				2D0B15B92930A8940028C04C /* Assets.xcassets */,
				2D0B15BB2930A8940028C04C /* Preview Content */,
			);
			path = MemoryGame;
			sourceTree = "<group>";
		};
		2D0B15BB2930A8940028C04C /* Preview Content */ = {
			isa = PBXGroup;
			children = (
				2D0B15BC2930A8940028C04C /* Preview Assets.xcassets */,
			);
			path = "Preview Content";
			sourceTree = "<group>";
		};
		2D11DDF12945AF3200437C87 /* EmojisMemoryGame */ = {
			isa = PBXGroup;
			children = (
				2D0B15B72930A8930028C04C /* EmojisMemoryGameView.swift */,
				2DDB02C229387C0000E2C539 /* EmojisMemoryGameViewModel.swift */,
			);
			path = EmojisMemoryGame;
			sourceTree = "<group>";
		};
		2D3C6EEA2941AC3300044BFD /* Extensions */ = {
			isa = PBXGroup;
			children = (
				2D4671D1293F482900C7665B /* CollectionExtension.swift */,
			);
			path = Extensions;
			sourceTree = "<group>";
		};
		2DA8310E2939DB100090E566 /* Card */ = {
			isa = PBXGroup;
			children = (
				2DA8310C2939DAEC0090E566 /* Card.swift */,
				2D08C2892946709A00060AA8 /* CardView.swift */,
			);
			path = Card;
			sourceTree = "<group>";
		};
		2DA8310F2939DB300090E566 /* MemoryGame */ = {
			isa = PBXGroup;
			children = (
				2DA831102939DB430090E566 /* MemoryGame.swift */,
				2DA8310E2939DB100090E566 /* Card */,
				2D11DDF12945AF3200437C87 /* EmojisMemoryGame */,
			);
			path = MemoryGame;
			sourceTree = "<group>";
		};
/* End PBXGroup section */

/* Begin PBXNativeTarget section */
		2D0B15B12930A8930028C04C /* MemoryGame */ = {
			isa = PBXNativeTarget;
			buildConfigurationList = 2D0B15C02930A8940028C04C /* Build configuration list for PBXNativeTarget "MemoryGame" */;
			buildPhases = (
				2D0B15AE2930A8930028C04C /* Sources */,
				2D0B15AF2930A8930028C04C /* Frameworks */,
				2D0B15B02930A8930028C04C /* Resources */,
			);
			buildRules = (
			);
			dependencies = (
			);
			name = MemoryGame;
			productName = MemoryGame;
			productReference = 2D0B15B22930A8930028C04C /* MemoryGame.app */;
			productType = "com.apple.product-type.application";
		};
/* End PBXNativeTarget section */

/* Begin PBXProject section */
		2D0B15AA2930A8930028C04C /* Project object */ = {
			isa = PBXProject;
			attributes = {
				BuildIndependentTargetsInParallel = 1;
				LastSwiftUpdateCheck = 1410;
				LastUpgradeCheck = 1410;
				TargetAttributes = {
					2D0B15B12930A8930028C04C = {
						CreatedOnToolsVersion = 14.1;
					};
				};
			};
			buildConfigurationList = 2D0B15AD2930A8930028C04C /* Build configuration list for PBXProject "MemoryGame" */;
			compatibilityVersion = "Xcode 14.0";
			developmentRegion = en;
			hasScannedForEncodings = 0;
			knownRegions = (
				en,
				Base,
			);
			mainGroup = 2D0B15A92930A8930028C04C;
			productRefGroup = 2D0B15B32930A8930028C04C /* Products */;
			projectDirPath = "";
			projectRoot = "";
			targets = (
				2D0B15B12930A8930028C04C /* MemoryGame */,
			);
		};
/* End PBXProject section */

/* Begin PBXResourcesBuildPhase section */
		2D0B15B02930A8930028C04C /* Resources */ = {
			isa = PBXResourcesBuildPhase;
			buildActionMask = 2147483647;
			files = (
				2D0B15BD2930A8940028C04C /* Preview Assets.xcassets in Resources */,
				2D0B15BA2930A8940028C04C /* Assets.xcassets in Resources */,
			);
			runOnlyForDeploymentPostprocessing = 0;
		};
/* End PBXResourcesBuildPhase section */

/* Begin PBXSourcesBuildPhase section */
		2D0B15AE2930A8930028C04C /* Sources */ = {
			isa = PBXSourcesBuildPhase;
			buildActionMask = 2147483647;
			files = (
				2D0B15B82930A8930028C04C /* EmojisMemoryGameView.swift in Sources */,
				2D11DDF92945B12700437C87 /* ContentView.swift in Sources */,
				2DA8310D2939DAEC0090E566 /* Card.swift in Sources */,
				2D4671CA293EA28B00C7665B /* Grid.swift in Sources */,
				2D4671D2293F482900C7665B /* CollectionExtension.swift in Sources */,
				2D0B15B62930A8930028C04C /* MemoryGameApp.swift in Sources */,
				2DDB02C329387C0000E2C539 /* EmojisMemoryGameViewModel.swift in Sources */,
				2D11DDEB2945422A00437C87 /* GalleryView.swift in Sources */,
				2D1B190C295049AC0089EE8E /* GalleryPhotoModel.swift in Sources */,
				2D4671CB293EA28B00C7665B /* GridLayout.swift in Sources */,
				2D1B190A2950497A0089EE8E /* PhotosPickerViewModel.swift in Sources */,
				2D08C28A2946709A00060AA8 /* CardView.swift in Sources */,
				2DA831112939DB430090E566 /* MemoryGame.swift in Sources */,
			);
			runOnlyForDeploymentPostprocessing = 0;
		};
/* End PBXSourcesBuildPhase section */

/* Begin XCBuildConfiguration section */
		2D0B15BE2930A8940028C04C /* Debug */ = {
			isa = XCBuildConfiguration;
			buildSettings = {
				ALWAYS_SEARCH_USER_PATHS = NO;
				CLANG_ANALYZER_NONNULL = YES;
				CLANG_ANALYZER_NUMBER_OBJECT_CONVERSION = YES_AGGRESSIVE;
				CLANG_CXX_LANGUAGE_STANDARD = "gnu++20";
				CLANG_ENABLE_MODULES = YES;
				CLANG_ENABLE_OBJC_ARC = YES;
				CLANG_ENABLE_OBJC_WEAK = YES;
				CLANG_WARN_BLOCK_CAPTURE_AUTORELEASING = YES;
				CLANG_WARN_BOOL_CONVERSION = YES;
				CLANG_WARN_COMMA = YES;
				CLANG_WARN_CONSTANT_CONVERSION = YES;
				CLANG_WARN_DEPRECATED_OBJC_IMPLEMENTATIONS = YES;
				CLANG_WARN_DIRECT_OBJC_ISA_USAGE = YES_ERROR;
				CLANG_WARN_DOCUMENTATION_COMMENTS = YES;
				CLANG_WARN_EMPTY_BODY = YES;
				CLANG_WARN_ENUM_CONVERSION = YES;
				CLANG_WARN_INFINITE_RECURSION = YES;
				CLANG_WARN_INT_CONVERSION = YES;
				CLANG_WARN_NON_LITERAL_NULL_CONVERSION = YES;
				CLANG_WARN_OBJC_IMPLICIT_RETAIN_SELF = YES;
				CLANG_WARN_OBJC_LITERAL_CONVERSION = YES;
				CLANG_WARN_OBJC_ROOT_CLASS = YES_ERROR;
				CLANG_WARN_QUOTED_INCLUDE_IN_FRAMEWORK_HEADER = YES;
				CLANG_WARN_RANGE_LOOP_ANALYSIS = YES;
				CLANG_WARN_STRICT_PROTOTYPES = YES;
				CLANG_WARN_SUSPICIOUS_MOVE = YES;
				CLANG_WARN_UNGUARDED_AVAILABILITY = YES_AGGRESSIVE;
				CLANG_WARN_UNREACHABLE_CODE = YES;
				CLANG_WARN__DUPLICATE_METHOD_MATCH = YES;
				COPY_PHASE_STRIP = NO;
				DEBUG_INFORMATION_FORMAT = dwarf;
				ENABLE_STRICT_OBJC_MSGSEND = YES;
				ENABLE_TESTABILITY = YES;
				GCC_C_LANGUAGE_STANDARD = gnu11;
				GCC_DYNAMIC_NO_PIC = NO;
				GCC_NO_COMMON_BLOCKS = YES;
				GCC_OPTIMIZATION_LEVEL = 0;
				GCC_PREPROCESSOR_DEFINITIONS = (
					"DEBUG=1",
					"$(inherited)",
				);
				GCC_WARN_64_TO_32_BIT_CONVERSION = YES;
				GCC_WARN_ABOUT_RETURN_TYPE = YES_ERROR;
				GCC_WARN_UNDECLARED_SELECTOR = YES;
				GCC_WARN_UNINITIALIZED_AUTOS = YES_AGGRESSIVE;
				GCC_WARN_UNUSED_FUNCTION = YES;
				GCC_WARN_UNUSED_VARIABLE = YES;
				IPHONEOS_DEPLOYMENT_TARGET = 16.1;
				MTL_ENABLE_DEBUG_INFO = INCLUDE_SOURCE;
				MTL_FAST_MATH = YES;
				ONLY_ACTIVE_ARCH = YES;
				SDKROOT = iphoneos;
				SWIFT_ACTIVE_COMPILATION_CONDITIONS = DEBUG;
				SWIFT_OPTIMIZATION_LEVEL = "-Onone";
			};
			name = Debug;
		};
		2D0B15BF2930A8940028C04C /* Release */ = {
			isa = XCBuildConfiguration;
			buildSettings = {
				ALWAYS_SEARCH_USER_PATHS = NO;
				CLANG_ANALYZER_NONNULL = YES;
				CLANG_ANALYZER_NUMBER_OBJECT_CONVERSION = YES_AGGRESSIVE;
				CLANG_CXX_LANGUAGE_STANDARD = "gnu++20";
				CLANG_ENABLE_MODULES = YES;
				CLANG_ENABLE_OBJC_ARC = YES;
				CLANG_ENABLE_OBJC_WEAK = YES;
				CLANG_WARN_BLOCK_CAPTURE_AUTORELEASING = YES;
				CLANG_WARN_BOOL_CONVERSION = YES;
				CLANG_WARN_COMMA = YES;
				CLANG_WARN_CONSTANT_CONVERSION = YES;
				CLANG_WARN_DEPRECATED_OBJC_IMPLEMENTATIONS = YES;
				CLANG_WARN_DIRECT_OBJC_ISA_USAGE = YES_ERROR;
				CLANG_WARN_DOCUMENTATION_COMMENTS = YES;
				CLANG_WARN_EMPTY_BODY = YES;
				CLANG_WARN_ENUM_CONVERSION = YES;
				CLANG_WARN_INFINITE_RECURSION = YES;
				CLANG_WARN_INT_CONVERSION = YES;
				CLANG_WARN_NON_LITERAL_NULL_CONVERSION = YES;
				CLANG_WARN_OBJC_IMPLICIT_RETAIN_SELF = YES;
				CLANG_WARN_OBJC_LITERAL_CONVERSION = YES;
				CLANG_WARN_OBJC_ROOT_CLASS = YES_ERROR;
				CLANG_WARN_QUOTED_INCLUDE_IN_FRAMEWORK_HEADER = YES;
				CLANG_WARN_RANGE_LOOP_ANALYSIS = YES;
				CLANG_WARN_STRICT_PROTOTYPES = YES;
				CLANG_WARN_SUSPICIOUS_MOVE = YES;
				CLANG_WARN_UNGUARDED_AVAILABILITY = YES_AGGRESSIVE;
				CLANG_WARN_UNREACHABLE_CODE = YES;
				CLANG_WARN__DUPLICATE_METHOD_MATCH = YES;
				COPY_PHASE_STRIP = NO;
				DEBUG_INFORMATION_FORMAT = "dwarf-with-dsym";
				ENABLE_NS_ASSERTIONS = NO;
				ENABLE_STRICT_OBJC_MSGSEND = YES;
				GCC_C_LANGUAGE_STANDARD = gnu11;
				GCC_NO_COMMON_BLOCKS = YES;
				GCC_WARN_64_TO_32_BIT_CONVERSION = YES;
				GCC_WARN_ABOUT_RETURN_TYPE = YES_ERROR;
				GCC_WARN_UNDECLARED_SELECTOR = YES;
				GCC_WARN_UNINITIALIZED_AUTOS = YES_AGGRESSIVE;
				GCC_WARN_UNUSED_FUNCTION = YES;
				GCC_WARN_UNUSED_VARIABLE = YES;
				IPHONEOS_DEPLOYMENT_TARGET = 16.1;
				MTL_ENABLE_DEBUG_INFO = NO;
				MTL_FAST_MATH = YES;
				SDKROOT = iphoneos;
				SWIFT_COMPILATION_MODE = wholemodule;
				SWIFT_OPTIMIZATION_LEVEL = "-O";
				VALIDATE_PRODUCT = YES;
			};
			name = Release;
		};
		2D0B15C12930A8940028C04C /* Debug */ = {
			isa = XCBuildConfiguration;
			buildSettings = {
				ASSETCATALOG_COMPILER_APPICON_NAME = AppIcon;
				ASSETCATALOG_COMPILER_GLOBAL_ACCENT_COLOR_NAME = AccentColor;
				CODE_SIGN_STYLE = Automatic;
				CURRENT_PROJECT_VERSION = 1;
				DEVELOPMENT_ASSET_PATHS = "\"MemoryGame/Preview Content\"";
				ENABLE_PREVIEWS = YES;
				GENERATE_INFOPLIST_FILE = YES;
				INFOPLIST_KEY_UIApplicationSceneManifest_Generation = YES;
				INFOPLIST_KEY_UIApplicationSupportsIndirectInputEvents = YES;
				INFOPLIST_KEY_UILaunchScreen_Generation = YES;
				INFOPLIST_KEY_UISupportedInterfaceOrientations_iPad = "UIInterfaceOrientationPortrait UIInterfaceOrientationPortraitUpsideDown UIInterfaceOrientationLandscapeLeft UIInterfaceOrientationLandscapeRight";
				INFOPLIST_KEY_UISupportedInterfaceOrientations_iPhone = "UIInterfaceOrientationPortrait UIInterfaceOrientationLandscapeLeft UIInterfaceOrientationLandscapeRight";
				LD_RUNPATH_SEARCH_PATHS = (
					"$(inherited)",
					"@executable_path/Frameworks",
				);
				MARKETING_VERSION = 1.0;
				PRODUCT_BUNDLE_IDENTIFIER = com.asafbaibekov.MemoryGame;
				PRODUCT_NAME = "$(TARGET_NAME)";
				SWIFT_EMIT_LOC_STRINGS = YES;
				SWIFT_VERSION = 5.0;
				TARGETED_DEVICE_FAMILY = "1,2";
			};
			name = Debug;
		};
		2D0B15C22930A8940028C04C /* Release */ = {
			isa = XCBuildConfiguration;
			buildSettings = {
				ASSETCATALOG_COMPILER_APPICON_NAME = AppIcon;
				ASSETCATALOG_COMPILER_GLOBAL_ACCENT_COLOR_NAME = AccentColor;
				CODE_SIGN_STYLE = Automatic;
				CURRENT_PROJECT_VERSION = 1;
				DEVELOPMENT_ASSET_PATHS = "\"MemoryGame/Preview Content\"";
				ENABLE_PREVIEWS = YES;
				GENERATE_INFOPLIST_FILE = YES;
				INFOPLIST_KEY_UIApplicationSceneManifest_Generation = YES;
				INFOPLIST_KEY_UIApplicationSupportsIndirectInputEvents = YES;
				INFOPLIST_KEY_UILaunchScreen_Generation = YES;
				INFOPLIST_KEY_UISupportedInterfaceOrientations_iPad = "UIInterfaceOrientationPortrait UIInterfaceOrientationPortraitUpsideDown UIInterfaceOrientationLandscapeLeft UIInterfaceOrientationLandscapeRight";
				INFOPLIST_KEY_UISupportedInterfaceOrientations_iPhone = "UIInterfaceOrientationPortrait UIInterfaceOrientationLandscapeLeft UIInterfaceOrientationLandscapeRight";
				LD_RUNPATH_SEARCH_PATHS = (
					"$(inherited)",
					"@executable_path/Frameworks",
				);
				MARKETING_VERSION = 1.0;
				PRODUCT_BUNDLE_IDENTIFIER = com.asafbaibekov.MemoryGame;
				PRODUCT_NAME = "$(TARGET_NAME)";
				SWIFT_EMIT_LOC_STRINGS = YES;
				SWIFT_VERSION = 5.0;
				TARGETED_DEVICE_FAMILY = "1,2";
			};
			name = Release;
		};
/* End XCBuildConfiguration section */

/* Begin XCConfigurationList section */
		2D0B15AD2930A8930028C04C /* Build configuration list for PBXProject "MemoryGame" */ = {
			isa = XCConfigurationList;
			buildConfigurations = (
				2D0B15BE2930A8940028C04C /* Debug */,
				2D0B15BF2930A8940028C04C /* Release */,
			);
			defaultConfigurationIsVisible = 0;
			defaultConfigurationName = Release;
		};
		2D0B15C02930A8940028C04C /* Build configuration list for PBXNativeTarget "MemoryGame" */ = {
			isa = XCConfigurationList;
			buildConfigurations = (
				2D0B15C12930A8940028C04C /* Debug */,
				2D0B15C22930A8940028C04C /* Release */,
			);
			defaultConfigurationIsVisible = 0;
			defaultConfigurationName = Release;
		};
/* End XCConfigurationList section */
	};
	rootObject = 2D0B15AA2930A8930028C04C /* Project object */;
}
